
Microsoft Visual Studio Solution File, Format Version 12.00
# Visual Studio Version 17
VisualStudioVersion = 17.5.33530.505
MinimumVisualStudioVersion = 10.0.40219.1
Project("{9A19103F-16F7-4668-BE54-9A1E7A4F7556}") = "API Maestros Core", "API Maestros Core\API Maestros Core.csproj", "{2687A6D4-5537-4D6E-9F99-0E3F98EC8C55}"
EndProject
Global
	GlobalSection(SolutionConfigurationPlatforms) = preSolution
		Debug|Any CPU = Debug|Any CPU
		Release|Any CPU = Release|Any CPU
	EndGlobalSection
	GlobalSection(ProjectConfigurationPlatforms) = postSolution
		{2687A6D4-5537-4D6E-9F99-0E3F98EC8C55}.Debug|Any CPU.ActiveCfg = Debug|Any CPU
		{2687A6D4-5537-4D6E-9F99-0E3F98EC8C55}.Debug|Any CPU.Build.0 = Debug|Any CPU
		{2687A6D4-5537-4D6E-9F99-0E3F98EC8C55}.Release|Any CPU.ActiveCfg = Debug|Any CPU
		{2687A6D4-5537-4D6E-9F99-0E3F98EC8C55}.Release|Any CPU.Build.0 = Debug|Any CPU
	EndGlobalSection
	GlobalSection(SolutionProperties) = preSolution
		HideSolutionNode = FALSE
	EndGlobalSection
	GlobalSection(ExtensibilityGlobals) = postSolution
		SolutionGuid = {6D29A90E-1C89-4213-A1DF-FECCF61D2FB5}
	EndGlobalSection
EndGlobal
